
Microsoft Visual Studio Solution File, Format Version 12.00
# Visual Studio Version 17
VisualStudioVersion = 17.1.32421.90
MinimumVisualStudioVersion = 10.0.40219.1
Project("{9A19103F-16F7-4668-BE54-9A1E7A4F7556}") = "Atacado.Domain", "Atacado.Modelo\Atacado.Domain.csproj", "{3BC2F6CB-2CCB-4EF2-A858-1AA113FDF945}"
EndProject
Project("{9A19103F-16F7-4668-BE54-9A1E7A4F7556}") = "Atacado.FakeDB", "Atacado.FakeDB\Atacado.FakeDB.csproj", "{BD384E9D-37A5-4806-B4B8-DD2EBAEB02B3}"
EndProject
Project("{9A19103F-16F7-4668-BE54-9A1E7A4F7556}") = "AtacadoWinApp", "AtacadoWinApp\AtacadoWinApp.csproj", "{A2EDF136-0939-4369-9BA6-D807B1E64831}"
EndProject
Project("{9A19103F-16F7-4668-BE54-9A1E7A4F7556}") = "DesaafioDaGripe01", "DesaafioDaGripe01\DesaafioDaGripe01.csproj", "{B261D1F1-3C81-4A7C-BACC-B3B616E80921}"
EndProject
Project("{9A19103F-16F7-4668-BE54-9A1E7A4F7556}") = "Atacado.DAL", "Atacado.DAL\Atacado.DAL.csproj", "{A0B01301-40AB-4E16-B101-C1E9826D226D}"
EndProject
Project("{9A19103F-16F7-4668-BE54-9A1E7A4F7556}") = "TesteAtacadoDAL", "TesteAtacadoDAL\TesteAtacadoDAL.csproj", "{A9836C0B-6B77-41D9-B4D3-DBCD4D0EA449}"
EndProject
Project("{9A19103F-16F7-4668-BE54-9A1E7A4F7556}") = "Atacado.POCO", "AtacadoPOCO\Atacado.POCO.csproj", "{07321C8D-E7B9-4FCC-9676-B16197DEEDE4}"
EndProject
Project("{9A19103F-16F7-4668-BE54-9A1E7A4F7556}") = "Atacado.Map", "Atacado.Map\Atacado.Map.csproj", "{215E0598-5929-4F8A-9F3A-31EB6933A247}"
EndProject
Project("{9A19103F-16F7-4668-BE54-9A1E7A4F7556}") = "TesteAtacadoMap", "TesteAtacadoMap\TesteAtacadoMap.csproj", "{5D7801D9-5E01-4A3B-A44C-77364F0604F2}"
EndProject
Project("{2150E333-8FDC-42A3-9474-1A3956D46DE8}") = "1-Front", "1-Front", "{6BC83E2C-FFBA-48EA-9796-DAD6A023AF4A}"
EndProject
Project("{2150E333-8FDC-42A3-9474-1A3956D46DE8}") = "2- Services", "2- Services", "{67A228F8-224A-48A3-83D7-60825F018B84}"
EndProject
Project("{FAE04EC0-301F-11D3-BF4B-00C04F79EFBC}") = "Atacado.Service", "Atacado.Service\Atacado.Service.csproj", "{E815E80B-9D90-4CFD-9C3C-A59139FAF7A6}"
EndProject
Project("{2150E333-8FDC-42A3-9474-1A3956D46DE8}") = "3- DAL", "3- DAL", "{F9D40B11-42A2-40CC-ADC9-C48C669CB42C}"
EndProject
Project("{FAE04EC0-301F-11D3-BF4B-00C04F79EFBC}") = "Atacado.Business", "Atacado.Business\Atacado.Business.csproj", "{169E88CA-6881-4166-A863-9CBF1E7D0E0A}"
EndProject
Global
	GlobalSection(SolutionConfigurationPlatforms) = preSolution
		Debug|Any CPU = Debug|Any CPU
		Release|Any CPU = Release|Any CPU
	EndGlobalSection
	GlobalSection(ProjectConfigurationPlatforms) = postSolution
		{3BC2F6CB-2CCB-4EF2-A858-1AA113FDF945}.Debug|Any CPU.ActiveCfg = Debug|Any CPU
		{3BC2F6CB-2CCB-4EF2-A858-1AA113FDF945}.Debug|Any CPU.Build.0 = Debug|Any CPU
		{3BC2F6CB-2CCB-4EF2-A858-1AA113FDF945}.Release|Any CPU.ActiveCfg = Release|Any CPU
		{3BC2F6CB-2CCB-4EF2-A858-1AA113FDF945}.Release|Any CPU.Build.0 = Release|Any CPU
		{BD384E9D-37A5-4806-B4B8-DD2EBAEB02B3}.Debug|Any CPU.ActiveCfg = Debug|Any CPU
		{BD384E9D-37A5-4806-B4B8-DD2EBAEB02B3}.Debug|Any CPU.Build.0 = Debug|Any CPU
		{BD384E9D-37A5-4806-B4B8-DD2EBAEB02B3}.Release|Any CPU.ActiveCfg = Release|Any CPU
		{BD384E9D-37A5-4806-B4B8-DD2EBAEB02B3}.Release|Any CPU.Build.0 = Release|Any CPU
		{A2EDF136-0939-4369-9BA6-D807B1E64831}.Debug|Any CPU.ActiveCfg = Debug|Any CPU
		{A2EDF136-0939-4369-9BA6-D807B1E64831}.Debug|Any CPU.Build.0 = Debug|Any CPU
		{A2EDF136-0939-4369-9BA6-D807B1E64831}.Release|Any CPU.ActiveCfg = Release|Any CPU
		{A2EDF136-0939-4369-9BA6-D807B1E64831}.Release|Any CPU.Build.0 = Release|Any CPU
		{B261D1F1-3C81-4A7C-BACC-B3B616E80921}.Debug|Any CPU.ActiveCfg = Debug|Any CPU
		{B261D1F1-3C81-4A7C-BACC-B3B616E80921}.Debug|Any CPU.Build.0 = Debug|Any CPU
		{B261D1F1-3C81-4A7C-BACC-B3B616E80921}.Release|Any CPU.ActiveCfg = Release|Any CPU
		{B261D1F1-3C81-4A7C-BACC-B3B616E80921}.Release|Any CPU.Build.0 = Release|Any CPU
		{A0B01301-40AB-4E16-B101-C1E9826D226D}.Debug|Any CPU.ActiveCfg = Debug|Any CPU
		{A0B01301-40AB-4E16-B101-C1E9826D226D}.Debug|Any CPU.Build.0 = Debug|Any CPU
		{A0B01301-40AB-4E16-B101-C1E9826D226D}.Release|Any CPU.ActiveCfg = Release|Any CPU
		{A0B01301-40AB-4E16-B101-C1E9826D226D}.Release|Any CPU.Build.0 = Release|Any CPU
		{A9836C0B-6B77-41D9-B4D3-DBCD4D0EA449}.Debug|Any CPU.ActiveCfg = Debug|Any CPU
		{A9836C0B-6B77-41D9-B4D3-DBCD4D0EA449}.Debug|Any CPU.Build.0 = Debug|Any CPU
		{A9836C0B-6B77-41D9-B4D3-DBCD4D0EA449}.Release|Any CPU.ActiveCfg = Release|Any CPU
		{A9836C0B-6B77-41D9-B4D3-DBCD4D0EA449}.Release|Any CPU.Build.0 = Release|Any CPU
		{07321C8D-E7B9-4FCC-9676-B16197DEEDE4}.Debug|Any CPU.ActiveCfg = Debug|Any CPU
		{07321C8D-E7B9-4FCC-9676-B16197DEEDE4}.Debug|Any CPU.Build.0 = Debug|Any CPU
		{07321C8D-E7B9-4FCC-9676-B16197DEEDE4}.Release|Any CPU.ActiveCfg = Release|Any CPU
		{07321C8D-E7B9-4FCC-9676-B16197DEEDE4}.Release|Any CPU.Build.0 = Release|Any CPU
		{215E0598-5929-4F8A-9F3A-31EB6933A247}.Debug|Any CPU.ActiveCfg = Debug|Any CPU
		{215E0598-5929-4F8A-9F3A-31EB6933A247}.Debug|Any CPU.Build.0 = Debug|Any CPU
		{215E0598-5929-4F8A-9F3A-31EB6933A247}.Release|Any CPU.ActiveCfg = Release|Any CPU
		{215E0598-5929-4F8A-9F3A-31EB6933A247}.Release|Any CPU.Build.0 = Release|Any CPU
		{5D7801D9-5E01-4A3B-A44C-77364F0604F2}.Debug|Any CPU.ActiveCfg = Debug|Any CPU
		{5D7801D9-5E01-4A3B-A44C-77364F0604F2}.Debug|Any CPU.Build.0 = Debug|Any CPU
		{5D7801D9-5E01-4A3B-A44C-77364F0604F2}.Release|Any CPU.ActiveCfg = Release|Any CPU
		{5D7801D9-5E01-4A3B-A44C-77364F0604F2}.Release|Any CPU.Build.0 = Release|Any CPU
		{E815E80B-9D90-4CFD-9C3C-A59139FAF7A6}.Debug|Any CPU.ActiveCfg = Debug|Any CPU
		{E815E80B-9D90-4CFD-9C3C-A59139FAF7A6}.Debug|Any CPU.Build.0 = Debug|Any CPU
		{E815E80B-9D90-4CFD-9C3C-A59139FAF7A6}.Release|Any CPU.ActiveCfg = Release|Any CPU
		{E815E80B-9D90-4CFD-9C3C-A59139FAF7A6}.Release|Any CPU.Build.0 = Release|Any CPU
		{169E88CA-6881-4166-A863-9CBF1E7D0E0A}.Debug|Any CPU.ActiveCfg = Debug|Any CPU
		{169E88CA-6881-4166-A863-9CBF1E7D0E0A}.Debug|Any CPU.Build.0 = Debug|Any CPU
		{169E88CA-6881-4166-A863-9CBF1E7D0E0A}.Release|Any CPU.ActiveCfg = Release|Any CPU
		{169E88CA-6881-4166-A863-9CBF1E7D0E0A}.Release|Any CPU.Build.0 = Release|Any CPU
	EndGlobalSection
	GlobalSection(SolutionProperties) = preSolution
		HideSolutionNode = FALSE
	EndGlobalSection
	GlobalSection(NestedProjects) = preSolution
		{3BC2F6CB-2CCB-4EF2-A858-1AA113FDF945} = {F9D40B11-42A2-40CC-ADC9-C48C669CB42C}
		{BD384E9D-37A5-4806-B4B8-DD2EBAEB02B3} = {F9D40B11-42A2-40CC-ADC9-C48C669CB42C}
		{A2EDF136-0939-4369-9BA6-D807B1E64831} = {6BC83E2C-FFBA-48EA-9796-DAD6A023AF4A}
		{B261D1F1-3C81-4A7C-BACC-B3B616E80921} = {6BC83E2C-FFBA-48EA-9796-DAD6A023AF4A}
		{A0B01301-40AB-4E16-B101-C1E9826D226D} = {F9D40B11-42A2-40CC-ADC9-C48C669CB42C}
		{A9836C0B-6B77-41D9-B4D3-DBCD4D0EA449} = {6BC83E2C-FFBA-48EA-9796-DAD6A023AF4A}
		{07321C8D-E7B9-4FCC-9676-B16197DEEDE4} = {67A228F8-224A-48A3-83D7-60825F018B84}
		{215E0598-5929-4F8A-9F3A-31EB6933A247} = {67A228F8-224A-48A3-83D7-60825F018B84}
		{5D7801D9-5E01-4A3B-A44C-77364F0604F2} = {6BC83E2C-FFBA-48EA-9796-DAD6A023AF4A}
		{E815E80B-9D90-4CFD-9C3C-A59139FAF7A6} = {67A228F8-224A-48A3-83D7-60825F018B84}
		{169E88CA-6881-4166-A863-9CBF1E7D0E0A} = {67A228F8-224A-48A3-83D7-60825F018B84}
	EndGlobalSection
	GlobalSection(ExtensibilityGlobals) = postSolution
		SolutionGuid = {869B0A57-539A-4DA2-9460-6EDE8C6629AC}
	EndGlobalSection
EndGlobal
